
Microsoft Visual Studio Solution File, Format Version 12.00
# Visual Studio Version 17
VisualStudioVersion = 17.9.34728.123
MinimumVisualStudioVersion = 10.0.40219.1
Project("{9A19103F-16F7-4668-BE54-9A1E7A4F7556}") = "TesteHortoInova", "TesteHortoInova.csproj", "{3EFEBC53-D276-4F74-95F0-8C540F7036FB}"
EndProject
Global
	GlobalSection(SolutionConfigurationPlatforms) = preSolution
		Debug|Any CPU = Debug|Any CPU
		Release|Any CPU = Release|Any CPU
	EndGlobalSection
	GlobalSection(ProjectConfigurationPlatforms) = postSolution
		{3EFEBC53-D276-4F74-95F0-8C540F7036FB}.Debug|Any CPU.ActiveCfg = Debug|Any CPU
		{3EFEBC53-D276-4F74-95F0-8C540F7036FB}.Debug|Any CPU.Build.0 = Debug|Any CPU
		{3EFEBC53-D276-4F74-95F0-8C540F7036FB}.Release|Any CPU.ActiveCfg = Release|Any CPU
		{3EFEBC53-D276-4F74-95F0-8C540F7036FB}.Release|Any CPU.Build.0 = Release|Any CPU
	EndGlobalSection
	GlobalSection(SolutionProperties) = preSolution
		HideSolutionNode = FALSE
	EndGlobalSection
	GlobalSection(ExtensibilityGlobals) = postSolution
		SolutionGuid = {EBE54AD0-53C6-4419-9006-A159DBF88772}
	EndGlobalSection
EndGlobal
